PODS:
  - flutter_engine_bridge (0.0.1):
    - FlutterMacOS
  - FlutterMacOS (1.0.0)

DEPENDENCIES:
  - flutter_engine_bridge (from `Flutter/ephemeral/.symlinks/plugins/flutter_engine_bridge/macos`)
  - FlutterMacOS (from `Flutter/ephemeral`)

EXTERNAL SOURCES:
  flutter_engine_bridge:
    :path: Flutter/ephemeral/.symlinks/plugins/flutter_engine_bridge/macos
  FlutterMacOS:
    :path: Flutter/ephemeral

SPEC CHECKSUMS:
  flutter_engine_bridge: 75944f49f991b62dc80aa073713d239b1098a83b
  FlutterMacOS: d0db08ddef1a9af05a5ec4b724367152bb0500b1

PODFILE CHECKSUM: 54d867c82ac51cbd61b565781b9fada492027009

COCOAPODS: 1.16.2
